{
  "version": 1,
  "dependencies": {
    "net10.0": {
      "DalamudPackager": {
        "type": "Direct",
        "requested": "[14.0.0, )",
        "resolved": "14.0.0",
        "contentHash": "9c1q/eAeAs82mkQWBOaCvbt3GIQxAIadz5b/7pCXDIy9nHPtnRc+tDXEvKR+M36Wvi7n+qBTevRupkLUQp6DFA=="
      },
      "DotNet.ReproducibleBuilds": {
        "type": "Direct",
        "requested": "[1.2.25, )",
        "resolved": "1.2.25",
        "contentHash": "xCXiw7BCxHJ8pF6wPepRUddlh2dlQlbr81gXA72hdk4FLHkKXas7EH/n+fk5UCA/YfMqG1Z6XaPiUjDbUNBUzg=="
      },
      "TwitchLib": {
        "type": "Direct",
        "requested": "[3.5.3, )",
        "resolved": "3.5.3",
        "contentHash": "3aknwRYBxkIi3PD/OiLaLOa33/NIkL5f7L67w6GzD5B9igDVxXoVdepU32KzzP5Hg7ddoVfMSfKgpRVRxmatKA==",
        "dependencies": {
          "TwitchLib.Api": "3.8.0",
          "TwitchLib.Client": "3.3.1",
          "TwitchLib.EventSub.Websockets": "0.0.3",
          "TwitchLib.Pubsub": "3.2.6"
        }
      },
      "Microsoft.Extensions.DependencyInjection": {
        "type": "Transitive",
        "resolved": "6.0.0",
        "contentHash": "k6PWQMuoBDGGHOQTtyois2u4AwyVcIwL2LaSLlTZQm2CYcJ1pxbt6jfAnpWmzENA/wfrYRI/X9DTLoUkE4AsLw==",
        "dependencies": {
          "Microsoft.Extensions.DependencyInjection.Abstractions": "6.0.0"
        }
      },
      "Microsoft.Extensions.DependencyInjection.Abstractions": {
        "type": "Transitive",
        "resolved": "6.0.0",
        "contentHash": "xlzi2IYREJH3/m6+lUrQlujzX8wDitm4QGnUu6kUXTQAWPuZY8i+ticFJbzfqaetLA6KR/rO6Ew/HuYD+bxifg=="
      },
      "Microsoft.Extensions.Logging": {
        "type": "Transitive",
        "resolved": "6.0.0",
        "contentHash": "eIbyj40QDg1NDz0HBW0S5f3wrLVnKWnDJ/JtZ+yJDFnDj90VoPuoPmFkeaXrtu+0cKm5GRAwoDf+dBWXK0TUdg==",
        "dependencies": {
          "Microsoft.Extensions.DependencyInjection": "6.0.0",
          "Microsoft.Extensions.DependencyInjection.Abstractions": "6.0.0",
          "Microsoft.Extensions.Logging.Abstractions": "6.0.0",
          "Microsoft.Extensions.Options": "6.0.0"
        }
      },
      "Microsoft.Extensions.Logging.Abstractions": {
        "type": "Transitive",
        "resolved": "6.0.0",
        "contentHash": "/HggWBbTwy8TgebGSX5DBZ24ndhzi93sHUBDvP1IxbZD7FDokYzdAr6+vbWGjw2XAfR2EJ1sfKUotpjHnFWPxA=="
      },
      "Microsoft.Extensions.Options": {
        "type": "Transitive",
        "resolved": "6.0.0",
        "contentHash": "dzXN0+V1AyjOe2xcJ86Qbo233KHuLEY0njf/P2Kw8SfJU+d45HNS2ctJdnEnrWbM9Ye2eFgaC5Mj9otRMU6IsQ==",
        "dependencies": {
          "Microsoft.Extensions.DependencyInjection.Abstractions": "6.0.0",
          "Microsoft.Extensions.Primitives": "6.0.0"
        }
      },
      "Microsoft.Extensions.Primitives": {
        "type": "Transitive",
        "resolved": "6.0.0",
        "contentHash": "9+PnzmQFfEFNR9J2aDTfJGGupShHjOuGw4VUv+JB044biSHrnmCIMD+mJHmb2H7YryrfBEXDurxQ47gJZdCKNQ=="
      },
      "Newtonsoft.Json": {
        "type": "Transitive",
        "resolved": "13.0.1",
        "contentHash": "ppPFpBcvxdsfUonNcvITKqLl3bqxWbDCZIzDWHzjpdAHRFfZe0Dw9HmA0+za13IdyrgJwpkDTDA9fHaxOrt20A=="
      },
      "TwitchLib.Api": {
        "type": "Transitive",
        "resolved": "3.8.0",
        "contentHash": "TwRP9Y7eB9sKX/NdGMDznNP+kl2CGq1JQB3i5ZxSe/dyE36zRqz/uPde4CtGweCgJrzOyIdkUatpQK+uVCnL6g==",
        "dependencies": {
          "Newtonsoft.Json": "13.0.1",
          "TwitchLib.Api.Core": "3.8.0",
          "TwitchLib.Api.Helix": "3.8.0"
        }
      },
      "TwitchLib.Api.Core": {
        "type": "Transitive",
        "resolved": "3.8.0",
        "contentHash": "d658UjD5IYZc98vsUTTOxRQYYzoijN+Q6kns9Pv/1dhvs7nQdMperEX7yVOrSIbgd5sD+oP6Mwz0VWYeSjpdMg==",
        "dependencies": {
          "Microsoft.Extensions.Logging.Abstractions": "5.0.0",
          "TwitchLib.Api.Core.Enums": "3.8.0",
          "TwitchLib.Api.Core.Interfaces": "3.8.0",
          "TwitchLib.Api.Core.Models": "3.8.0"
        }
      },
      "TwitchLib.Api.Core.Enums": {
        "type": "Transitive",
        "resolved": "3.8.0",
        "contentHash": "PCvNCWYerEqvBy78cMTTHgGLm0gXHbVWAiNck5vLsA9b33sMW4nUJm4h+LGr2lKr/6YaphVPXoDzetk2znZMgA==",
        "dependencies": {
          "Newtonsoft.Json": "13.0.1"
        }
      },
      "TwitchLib.Api.Core.Interfaces": {
        "type": "Transitive",
        "resolved": "3.8.0",
        "contentHash": "K4IhHJbrDz8M6Yb6a7foTBBbsH3+zKhO5PgGL7uNe8j6F184n5Dx+iesdREBr+1dUcH1aq1DEJe2JaJfWp7aIQ==",
        "dependencies": {
          "Newtonsoft.Json": "13.0.1",
          "TwitchLib.Api.Core.Enums": "3.8.0"
        }
      },
      "TwitchLib.Api.Core.Models": {
        "type": "Transitive",
        "resolved": "3.8.0",
        "contentHash": "i7v1bWxqadq3CStku1znAertbklAu+F+vGQRiiAVVna7Spvkx6VrwkNfF5J8IVEVsDqYBDqQ6TLRHKAZMb1/6A==",
        "dependencies": {
          "Newtonsoft.Json": "13.0.1",
          "TwitchLib.Api.Core.Enums": "3.8.0",
          "TwitchLib.Api.Core.Interfaces": "3.8.0"
        }
      },
      "TwitchLib.Api.Helix": {
        "type": "Transitive",
        "resolved": "3.8.0",
        "contentHash": "/YBgHPc/G1j5RpXVtGsoLcPfwIUopQN6Kj92lQgGT59cx3rIl07Tq4xUiz9jEd/GoRLI9aiGv+j49zrDv/D/+A==",
        "dependencies": {
          "TwitchLib.Api.Core": "3.8.0",
          "TwitchLib.Api.Helix.Models": "3.8.0"
        }
      },
      "TwitchLib.Api.Helix.Models": {
        "type": "Transitive",
        "resolved": "3.8.0",
        "contentHash": "y73E6tzvyLWBIuVv/xI5eQgdEI347C1jb4AnWnW6ym2QKfQOMzXtiqpRm0rkkq2QBKfgGbI8OjMFSPFEmGEJFA==",
        "dependencies": {
          "Newtonsoft.Json": "13.0.1",
          "TwitchLib.Api.Core.Enums": "3.8.0",
          "TwitchLib.Api.Core.Interfaces": "3.8.0"
        }
      },
      "TwitchLib.Client": {
        "type": "Transitive",
        "resolved": "3.3.1",
        "contentHash": "sLWISvgfF22XekeF8/WPh+BP3gvvq8n8b8vpqt4B79tYT8CfOMh07HhfPMge3YhZfWte1BN4DqLnpg6nXLReBw==",
        "dependencies": {
          "Microsoft.Extensions.Logging.Abstractions": "5.0.0",
          "TwitchLib.Client.Enums": "3.3.1",
          "TwitchLib.Client.Models": "3.3.1",
          "TwitchLib.Communication": "1.0.4"
        }
      },
      "TwitchLib.Client.Enums": {
        "type": "Transitive",
        "resolved": "3.3.1",
        "contentHash": "vZQy5ZzrSObpbcRgf8LAnrmrOK4pGc8owsbeaJ3JK+PWFfnvo5mBdTp6kUt/3MO31cD+4E2buTIlPnyAA9lMMg=="
      },
      "TwitchLib.Client.Models": {
        "type": "Transitive",
        "resolved": "3.3.1",
        "contentHash": "v5wODXCF8xIjKs5hDXprpMI839ONNZ/i84ZOjrdjNN70QBa88EKeckLF4UwPoWX040ztvk4akPOsPyVWlWiwrg==",
        "dependencies": {
          "TwitchLib.Client.Enums": "3.3.1"
        }
      },
      "TwitchLib.Communication": {
        "type": "Transitive",
        "resolved": "1.0.4",
        "contentHash": "gq+s0JOFpcHbiuV17ggYCk8RycXo8kySUD1ZEkTC+hSoeSPyVqY4d5lM6tI87KliRuQd/vETmahBnetMXjjfQA=="
      },
      "TwitchLib.EventSub.Core": {
        "type": "Transitive",
        "resolved": "2.0.0",
        "contentHash": "1Rx5e5qgRKAzsBop26qhotNRGdYAAXdA+5GL2DYaZv0dz6fzbM0RN4hn2UZ8nznFiZ+XHyzMX1BeLvm02aPQpQ=="
      },
      "TwitchLib.EventSub.Websockets": {
        "type": "Transitive",
        "resolved": "0.0.3",
        "contentHash": "l2gsLUYdcS+CMxOi2TbA96lrS5cPfauSNXjpbaJP4RAMBxcR44XSCNUxb195wCs/hCDTFZWrj6k4A/fmKvaQLg==",
        "dependencies": {
          "Microsoft.Extensions.Logging": "6.0.0",
          "TwitchLib.EventSub.Core": "2.0.0"
        }
      },
      "TwitchLib.PubSub": {
        "type": "Transitive",
        "resolved": "3.2.6",
        "contentHash": "WOGpQqG4D0BwgL7wvni8OcbCte7HMLYfKoTwwnFaNCzyeJgN1rtd1HtuGh0wLWcu/88qTdqmMTeAtdfjSL9OuA==",
        "dependencies": {
          "Microsoft.Extensions.Logging.Abstractions": "5.0.0",
          "Newtonsoft.Json": "13.0.1",
          "TwitchLib.Communication": "1.0.4"
        }
      }
    }
  }
}